
Microsoft Visual Studio Solution File, Format Version 12.00
# Visual Studio 15
VisualStudioVersion = 15.0.26228.4
MinimumVisualStudioVersion = 10.0.40219.1
Project("{FAE04EC0-301F-11D3-BF4B-00C04F79EFBC}") = "Apps.Web", "Apps\Apps.Web.csproj", "{C7E6673D-9CAB-4BA3-A784-FDC363947122}"
EndProject
Project("{FAE04EC0-301F-11D3-BF4B-00C04F79EFBC}") = "Apps.BLL", "Apps.BLL\Apps.BLL.csproj", "{28F6A56E-92E6-41A4-8B30-025B0C4B6746}"
EndProject
Project("{FAE04EC0-301F-11D3-BF4B-00C04F79EFBC}") = "Apps.IBLL", "Apps.IBLL\Apps.IBLL.csproj", "{18887D97-99C1-4C0F-8811-BDE4EA113467}"
EndProject
Project("{FAE04EC0-301F-11D3-BF4B-00C04F79EFBC}") = "Apps.DAL", "Apps.DAL\Apps.DAL.csproj", "{6FDF22CF-8958-4B8F-BC51-FFD24C9018E9}"
EndProject
Project("{FAE04EC0-301F-11D3-BF4B-00C04F79EFBC}") = "Apps.IDAL", "Apps.IDAL\Apps.IDAL.csproj", "{24359DD3-6784-4EAD-9077-FD4AE830705F}"
EndProject
Project("{FAE04EC0-301F-11D3-BF4B-00C04F79EFBC}") = "Apps.Models", "Apps.Models\Apps.Models.csproj", "{60AB8D63-F7D1-4810-A35D-A58576333758}"
EndProject
Project("{2150E333-8FDC-42A3-9474-1A3956D46DE8}") = "Apps.Base", "Apps.Base", "{C34D6499-E4BF-4CAF-9592-7A0DC0232651}"
EndProject
Project("{FAE04EC0-301F-11D3-BF4B-00C04F79EFBC}") = "Apps.Common", "Apps.Common\Apps.Common.csproj", "{E9102C56-349E-46EC-9DB7-DC90F424AD10}"
EndProject
Project("{FAE04EC0-301F-11D3-BF4B-00C04F79EFBC}") = "Apps.Core", "Apps.Core\Apps.Core.csproj", "{808A15A1-3B15-47F4-9F30-2FA04DAF2228}"
EndProject
Project("{FAE04EC0-301F-11D3-BF4B-00C04F79EFBC}") = "Apps.Locale", "Apps.Locale\Apps.Locale.csproj", "{4944D5EC-C0AA-432F-8C19-CBD74C7890C4}"
EndProject
Project("{FAE04EC0-301F-11D3-BF4B-00C04F79EFBC}") = "Apps.WebApi", "Apps.WebApi\Apps.WebApi.csproj", "{7331409B-B230-4189-B07A-4E72CA74FE49}"
EndProject
Global
	GlobalSection(SolutionConfigurationPlatforms) = preSolution
		Debug|Any CPU = Debug|Any CPU
		Release|Any CPU = Release|Any CPU
	EndGlobalSection
	GlobalSection(ProjectConfigurationPlatforms) = postSolution
		{C7E6673D-9CAB-4BA3-A784-FDC363947122}.Debug|Any CPU.ActiveCfg = Debug|Any CPU
		{C7E6673D-9CAB-4BA3-A784-FDC363947122}.Debug|Any CPU.Build.0 = Debug|Any CPU
		{C7E6673D-9CAB-4BA3-A784-FDC363947122}.Release|Any CPU.ActiveCfg = Release|Any CPU
		{C7E6673D-9CAB-4BA3-A784-FDC363947122}.Release|Any CPU.Build.0 = Release|Any CPU
		{28F6A56E-92E6-41A4-8B30-025B0C4B6746}.Debug|Any CPU.ActiveCfg = Debug|Any CPU
		{28F6A56E-92E6-41A4-8B30-025B0C4B6746}.Debug|Any CPU.Build.0 = Debug|Any CPU
		{28F6A56E-92E6-41A4-8B30-025B0C4B6746}.Release|Any CPU.ActiveCfg = Release|Any CPU
		{28F6A56E-92E6-41A4-8B30-025B0C4B6746}.Release|Any CPU.Build.0 = Release|Any CPU
		{18887D97-99C1-4C0F-8811-BDE4EA113467}.Debug|Any CPU.ActiveCfg = Debug|Any CPU
		{18887D97-99C1-4C0F-8811-BDE4EA113467}.Debug|Any CPU.Build.0 = Debug|Any CPU
		{18887D97-99C1-4C0F-8811-BDE4EA113467}.Release|Any CPU.ActiveCfg = Release|Any CPU
		{18887D97-99C1-4C0F-8811-BDE4EA113467}.Release|Any CPU.Build.0 = Release|Any CPU
		{6FDF22CF-8958-4B8F-BC51-FFD24C9018E9}.Debug|Any CPU.ActiveCfg = Debug|Any CPU
		{6FDF22CF-8958-4B8F-BC51-FFD24C9018E9}.Debug|Any CPU.Build.0 = Debug|Any CPU
		{6FDF22CF-8958-4B8F-BC51-FFD24C9018E9}.Release|Any CPU.ActiveCfg = Release|Any CPU
		{6FDF22CF-8958-4B8F-BC51-FFD24C9018E9}.Release|Any CPU.Build.0 = Release|Any CPU
		{24359DD3-6784-4EAD-9077-FD4AE830705F}.Debug|Any CPU.ActiveCfg = Debug|Any CPU
		{24359DD3-6784-4EAD-9077-FD4AE830705F}.Debug|Any CPU.Build.0 = Debug|Any CPU
		{24359DD3-6784-4EAD-9077-FD4AE830705F}.Release|Any CPU.ActiveCfg = Release|Any CPU
		{24359DD3-6784-4EAD-9077-FD4AE830705F}.Release|Any CPU.Build.0 = Release|Any CPU
		{60AB8D63-F7D1-4810-A35D-A58576333758}.Debug|Any CPU.ActiveCfg = Debug|Any CPU
		{60AB8D63-F7D1-4810-A35D-A58576333758}.Debug|Any CPU.Build.0 = Debug|Any CPU
		{60AB8D63-F7D1-4810-A35D-A58576333758}.Release|Any CPU.ActiveCfg = Release|Any CPU
		{60AB8D63-F7D1-4810-A35D-A58576333758}.Release|Any CPU.Build.0 = Release|Any CPU
		{E9102C56-349E-46EC-9DB7-DC90F424AD10}.Debug|Any CPU.ActiveCfg = Debug|Any CPU
		{E9102C56-349E-46EC-9DB7-DC90F424AD10}.Debug|Any CPU.Build.0 = Debug|Any CPU
		{E9102C56-349E-46EC-9DB7-DC90F424AD10}.Release|Any CPU.ActiveCfg = Release|Any CPU
		{E9102C56-349E-46EC-9DB7-DC90F424AD10}.Release|Any CPU.Build.0 = Release|Any CPU
		{808A15A1-3B15-47F4-9F30-2FA04DAF2228}.Debug|Any CPU.ActiveCfg = Debug|Any CPU
		{808A15A1-3B15-47F4-9F30-2FA04DAF2228}.Debug|Any CPU.Build.0 = Debug|Any CPU
		{808A15A1-3B15-47F4-9F30-2FA04DAF2228}.Release|Any CPU.ActiveCfg = Release|Any CPU
		{808A15A1-3B15-47F4-9F30-2FA04DAF2228}.Release|Any CPU.Build.0 = Release|Any CPU
		{4944D5EC-C0AA-432F-8C19-CBD74C7890C4}.Debug|Any CPU.ActiveCfg = Debug|Any CPU
		{4944D5EC-C0AA-432F-8C19-CBD74C7890C4}.Debug|Any CPU.Build.0 = Debug|Any CPU
		{4944D5EC-C0AA-432F-8C19-CBD74C7890C4}.Release|Any CPU.ActiveCfg = Release|Any CPU
		{4944D5EC-C0AA-432F-8C19-CBD74C7890C4}.Release|Any CPU.Build.0 = Release|Any CPU
		{7331409B-B230-4189-B07A-4E72CA74FE49}.Debug|Any CPU.ActiveCfg = Debug|Any CPU
		{7331409B-B230-4189-B07A-4E72CA74FE49}.Debug|Any CPU.Build.0 = Debug|Any CPU
		{7331409B-B230-4189-B07A-4E72CA74FE49}.Release|Any CPU.ActiveCfg = Release|Any CPU
		{7331409B-B230-4189-B07A-4E72CA74FE49}.Release|Any CPU.Build.0 = Release|Any CPU
	EndGlobalSection
	GlobalSection(SolutionProperties) = preSolution
		HideSolutionNode = FALSE
	EndGlobalSection
	GlobalSection(NestedProjects) = preSolution
		{28F6A56E-92E6-41A4-8B30-025B0C4B6746} = {C34D6499-E4BF-4CAF-9592-7A0DC0232651}
		{18887D97-99C1-4C0F-8811-BDE4EA113467} = {C34D6499-E4BF-4CAF-9592-7A0DC0232651}
		{6FDF22CF-8958-4B8F-BC51-FFD24C9018E9} = {C34D6499-E4BF-4CAF-9592-7A0DC0232651}
		{24359DD3-6784-4EAD-9077-FD4AE830705F} = {C34D6499-E4BF-4CAF-9592-7A0DC0232651}
	EndGlobalSection
EndGlobal
